
Microsoft Visual Studio Solution File, Format Version 12.00
# Visual Studio Version 16
VisualStudioVersion = 16.0.28917.182
MinimumVisualStudioVersion = 10.0.40219.1
Project("{FAE04EC0-301F-11D3-BF4B-00C04F79EFBC}") = "ApiDemo.Server", "ApiDemo.Server\ApiDemo.Server.csproj", "{592F9C38-8A64-4EE6-8302-BC989A41C60B}"
EndProject
Project("{FAE04EC0-301F-11D3-BF4B-00C04F79EFBC}") = "ApiDemo.Client", "ApiDemo.Client\ApiDemo.Client.csproj", "{7CC0C4B6-7155-40E8-95CC-B3826BCFAF38}"
EndProject
Project("{FAE04EC0-301F-11D3-BF4B-00C04F79EFBC}") = "ApiDemo.Shared", "ApiDemo.Shared\ApiDemo.Shared.csproj", "{298BE036-5736-4AF6-881F-CA90AFA1A380}"
EndProject
Global
	GlobalSection(SolutionConfigurationPlatforms) = preSolution
		Debug|Any CPU = Debug|Any CPU
		Release|Any CPU = Release|Any CPU
	EndGlobalSection
	GlobalSection(ProjectConfigurationPlatforms) = postSolution
		{592F9C38-8A64-4EE6-8302-BC989A41C60B}.Debug|Any CPU.ActiveCfg = Debug|Any CPU
		{592F9C38-8A64-4EE6-8302-BC989A41C60B}.Debug|Any CPU.Build.0 = Debug|Any CPU
		{592F9C38-8A64-4EE6-8302-BC989A41C60B}.Release|Any CPU.ActiveCfg = Release|Any CPU
		{592F9C38-8A64-4EE6-8302-BC989A41C60B}.Release|Any CPU.Build.0 = Release|Any CPU
		{7CC0C4B6-7155-40E8-95CC-B3826BCFAF38}.Debug|Any CPU.ActiveCfg = Debug|Any CPU
		{7CC0C4B6-7155-40E8-95CC-B3826BCFAF38}.Debug|Any CPU.Build.0 = Debug|Any CPU
		{7CC0C4B6-7155-40E8-95CC-B3826BCFAF38}.Release|Any CPU.ActiveCfg = Release|Any CPU
		{7CC0C4B6-7155-40E8-95CC-B3826BCFAF38}.Release|Any CPU.Build.0 = Release|Any CPU
		{298BE036-5736-4AF6-881F-CA90AFA1A380}.Debug|Any CPU.ActiveCfg = Debug|Any CPU
		{298BE036-5736-4AF6-881F-CA90AFA1A380}.Debug|Any CPU.Build.0 = Debug|Any CPU
		{298BE036-5736-4AF6-881F-CA90AFA1A380}.Release|Any CPU.ActiveCfg = Release|Any CPU
		{298BE036-5736-4AF6-881F-CA90AFA1A380}.Release|Any CPU.Build.0 = Release|Any CPU
	EndGlobalSection
	GlobalSection(SolutionProperties) = preSolution
		HideSolutionNode = FALSE
	EndGlobalSection
	GlobalSection(ExtensibilityGlobals) = postSolution
		SolutionGuid = {83764AA1-B540-4637-836D-F4FCB0F9706F}
	EndGlobalSection
EndGlobal
